
Microsoft Visual Studio Solution File, Format Version 12.00
# Visual Studio 15
VisualStudioVersion = 15.0.28307.572
MinimumVisualStudioVersion = 10.0.40219.1
Project("{FAE04EC0-301F-11D3-BF4B-00C04F79EFBC}") = "SEM-001", "SEM-001\SEM-001.csproj", "{682CF7A8-54EC-4947-9B9C-C1B7ECC60870}"
EndProject
Global
	GlobalSection(SolutionConfigurationPlatforms) = preSolution
		Debug|Any CPU = Debug|Any CPU
		Release|Any CPU = Release|Any CPU
	EndGlobalSection
	GlobalSection(ProjectConfigurationPlatforms) = postSolution
		{682CF7A8-54EC-4947-9B9C-C1B7ECC60870}.Debug|Any CPU.ActiveCfg = Debug|Any CPU
		{682CF7A8-54EC-4947-9B9C-C1B7ECC60870}.Debug|Any CPU.Build.0 = Debug|Any CPU
		{682CF7A8-54EC-4947-9B9C-C1B7ECC60870}.Release|Any CPU.ActiveCfg = Release|Any CPU
		{682CF7A8-54EC-4947-9B9C-C1B7ECC60870}.Release|Any CPU.Build.0 = Release|Any CPU
	EndGlobalSection
	GlobalSection(SolutionProperties) = preSolution
		HideSolutionNode = FALSE
	EndGlobalSection
	GlobalSection(ExtensibilityGlobals) = postSolution
		SolutionGuid = {1B5F253F-37AE-47FA-B530-0C6C504BC570}
	EndGlobalSection
EndGlobal
